
Microsoft Visual Studio Solution File, Format Version 12.00
# Visual Studio Version 17
VisualStudioVersion = 17.8.34322.80
MinimumVisualStudioVersion = 10.0.40219.1
Project("{8BC9CEB8-8B4A-11D0-8D11-00A0C91BC942}") = "FileManagementApp", "FileManagementApp\FileManagementApp.vcxproj", "{0469EFA3-AA2C-4A42-8B44-28E1E59731C9}"
EndProject
Project("{8BC9CEB8-8B4A-11D0-8D11-00A0C91BC942}") = "FileManagementTest", "FileManagementTest\FileManagementTest.vcxproj", "{4CDDB44C-0757-4F64-9944-0A1E596510C4}"
EndProject
Project("{8BC9CEB8-8B4A-11D0-8D11-00A0C91BC942}") = "Stacks and Queues", "Stacks and Queues\Stacks and Queues.vcxproj", "{8DBDC3D0-038D-4BA5-9928-F24F36A97DA6}"
EndProject
Global
	GlobalSection(SolutionConfigurationPlatforms) = preSolution
		Debug|x64 = Debug|x64
		Debug|x86 = Debug|x86
		Release|x64 = Release|x64
		Release|x86 = Release|x86
	EndGlobalSection
	GlobalSection(ProjectConfigurationPlatforms) = postSolution
		{0469EFA3-AA2C-4A42-8B44-28E1E59731C9}.Debug|x64.ActiveCfg = Debug|x64
		{0469EFA3-AA2C-4A42-8B44-28E1E59731C9}.Debug|x64.Build.0 = Debug|x64
		{0469EFA3-AA2C-4A42-8B44-28E1E59731C9}.Debug|x86.ActiveCfg = Debug|Win32
		{0469EFA3-AA2C-4A42-8B44-28E1E59731C9}.Debug|x86.Build.0 = Debug|Win32
		{0469EFA3-AA2C-4A42-8B44-28E1E59731C9}.Release|x64.ActiveCfg = Release|x64
		{0469EFA3-AA2C-4A42-8B44-28E1E59731C9}.Release|x64.Build.0 = Release|x64
		{0469EFA3-AA2C-4A42-8B44-28E1E59731C9}.Release|x86.ActiveCfg = Release|Win32
		{0469EFA3-AA2C-4A42-8B44-28E1E59731C9}.Release|x86.Build.0 = Release|Win32
		{4CDDB44C-0757-4F64-9944-0A1E596510C4}.Debug|x64.ActiveCfg = Debug|x64
		{4CDDB44C-0757-4F64-9944-0A1E596510C4}.Debug|x64.Build.0 = Debug|x64
		{4CDDB44C-0757-4F64-9944-0A1E596510C4}.Debug|x86.ActiveCfg = Debug|Win32
		{4CDDB44C-0757-4F64-9944-0A1E596510C4}.Debug|x86.Build.0 = Debug|Win32
		{4CDDB44C-0757-4F64-9944-0A1E596510C4}.Release|x64.ActiveCfg = Release|x64
		{4CDDB44C-0757-4F64-9944-0A1E596510C4}.Release|x64.Build.0 = Release|x64
		{4CDDB44C-0757-4F64-9944-0A1E596510C4}.Release|x86.ActiveCfg = Release|Win32
		{4CDDB44C-0757-4F64-9944-0A1E596510C4}.Release|x86.Build.0 = Release|Win32
		{8DBDC3D0-038D-4BA5-9928-F24F36A97DA6}.Debug|x64.ActiveCfg = Debug|x64
		{8DBDC3D0-038D-4BA5-9928-F24F36A97DA6}.Debug|x64.Build.0 = Debug|x64
		{8DBDC3D0-038D-4BA5-9928-F24F36A97DA6}.Debug|x86.ActiveCfg = Debug|Win32
		{8DBDC3D0-038D-4BA5-9928-F24F36A97DA6}.Debug|x86.Build.0 = Debug|Win32
		{8DBDC3D0-038D-4BA5-9928-F24F36A97DA6}.Release|x64.ActiveCfg = Release|x64
		{8DBDC3D0-038D-4BA5-9928-F24F36A97DA6}.Release|x64.Build.0 = Release|x64
		{8DBDC3D0-038D-4BA5-9928-F24F36A97DA6}.Release|x86.ActiveCfg = Release|Win32
		{8DBDC3D0-038D-4BA5-9928-F24F36A97DA6}.Release|x86.Build.0 = Release|Win32
	EndGlobalSection
	GlobalSection(SolutionProperties) = preSolution
		HideSolutionNode = FALSE
	EndGlobalSection
	GlobalSection(ExtensibilityGlobals) = postSolution
		SolutionGuid = {582F8993-DCB6-4271-91EB-80151964D6DE}
	EndGlobalSection
EndGlobal
